// !$*UTF8*$!
{
	archiveVersion = 1;
	classes = {
	};
	objectVersion = 46;
	objects = {

/* Begin PBXBuildFile section */
		44A0C4D01BB6ACB10039490E /* AppDelegate.swift in Sources */ = {isa = PBXBuildFile; fileRef = 44A0C4CF1BB6ACB10039490E /* AppDelegate.swift */; };
		44A0C4D21BB6ACB10039490E /* ViewController.swift in Sources */ = {isa = PBXBuildFile; fileRef = 44A0C4D11BB6ACB10039490E /* ViewController.swift */; };
		44A0C4D51BB6ACB10039490E /* Main.storyboard in Resources */ = {isa = PBXBuildFile; fileRef = 44A0C4D31BB6ACB10039490E /* Main.storyboard */; };
		44A0C4D71BB6ACB10039490E /* Assets.xcassets in Resources */ = {isa = PBXBuildFile; fileRef = 44A0C4D61BB6ACB10039490E /* Assets.xcassets */; };
		44A0C4DA1BB6ACB10039490E /* LaunchScreen.storyboard in Resources */ = {isa = PBXBuildFile; fileRef = 44A0C4D81BB6ACB10039490E /* LaunchScreen.storyboard */; };
		44A0C4E51BB6AF2E0039490E /* BaseViewController.swift in Sources */ = {isa = PBXBuildFile; fileRef = 44A0C4E41BB6AF2E0039490E /* BaseViewController.swift */; settings = {ASSET_TAGS = (); }; };
		44A0C4E71BB6B0680039490E /* TrueOrFalseViewController.swift in Sources */ = {isa = PBXBuildFile; fileRef = 44A0C4E61BB6B0680039490E /* TrueOrFalseViewController.swift */; settings = {ASSET_TAGS = (); }; };
		44A0C4E91BB6B07C0039490E /* WordsMakerViewController.swift in Sources */ = {isa = PBXBuildFile; fileRef = 44A0C4E81BB6B07C0039490E /* WordsMakerViewController.swift */; settings = {ASSET_TAGS = (); }; };
		44A0C4EB1BB6B08C0039490E /* MatchWordsViewController.swift in Sources */ = {isa = PBXBuildFile; fileRef = 44A0C4EA1BB6B08C0039490E /* MatchWordsViewController.swift */; settings = {ASSET_TAGS = (); }; };
		44A0C4ED1BB6B0A90039490E /* MemoryWordsViewController.swift in Sources */ = {isa = PBXBuildFile; fileRef = 44A0C4EC1BB6B0A90039490E /* MemoryWordsViewController.swift */; settings = {ASSET_TAGS = (); }; };
		44A0C4F01BB6B29F0039490E /* DataBaseManager.swift in Sources */ = {isa = PBXBuildFile; fileRef = 44A0C4EF1BB6B29F0039490E /* DataBaseManager.swift */; settings = {ASSET_TAGS = (); }; };
		44A0C4F21BB6B2CF0039490E /* CoreData.framework in Frameworks */ = {isa = PBXBuildFile; fileRef = 44A0C4F11BB6B2CF0039490E /* CoreData.framework */; };
		44A0C4F51BB6B34C0039490E /* DataBaseModel.xcdatamodeld in Sources */ = {isa = PBXBuildFile; fileRef = 44A0C4F31BB6B34C0039490E /* DataBaseModel.xcdatamodeld */; settings = {ASSET_TAGS = (); }; };
/* End PBXBuildFile section */

/* Begin PBXFileReference section */
		44A0C4CC1BB6ACB10039490E /* PanProfesor.app */ = {isa = PBXFileReference; explicitFileType = wrapper.application; includeInIndex = 0; path = PanProfesor.app; sourceTree = BUILT_PRODUCTS_DIR; };
		44A0C4CF1BB6ACB10039490E /* AppDelegate.swift */ = {isa = PBXFileReference; lastKnownFileType = sourcecode.swift; path = AppDelegate.swift; sourceTree = "<group>"; };
		44A0C4D11BB6ACB10039490E /* ViewController.swift */ = {isa = PBXFileReference; lastKnownFileType = sourcecode.swift; path = ViewController.swift; sourceTree = "<group>"; };
		44A0C4D41BB6ACB10039490E /* Base */ = {isa = PBXFileReference; lastKnownFileType = file.storyboard; name = Base; path = Base.lproj/Main.storyboard; sourceTree = "<group>"; };
		44A0C4D61BB6ACB10039490E /* Assets.xcassets */ = {isa = PBXFileReference; lastKnownFileType = folder.assetcatalog; path = Assets.xcassets; sourceTree = "<group>"; };
		44A0C4D91BB6ACB10039490E /* Base */ = {isa = PBXFileReference; lastKnownFileType = file.storyboard; name = Base; path = Base.lproj/LaunchScreen.storyboard; sourceTree = "<group>"; };
		44A0C4DB1BB6ACB10039490E /* Info.plist */ = {isa = PBXFileReference; lastKnownFileType = text.plist.xml; path = Info.plist; sourceTree = "<group>"; };
		44A0C4E41BB6AF2E0039490E /* BaseViewController.swift */ = {isa = PBXFileReference; fileEncoding = 4; lastKnownFileType = sourcecode.swift; path = BaseViewController.swift; sourceTree = "<group>"; };
		44A0C4E61BB6B0680039490E /* TrueOrFalseViewController.swift */ = {isa = PBXFileReference; fileEncoding = 4; lastKnownFileType = sourcecode.swift; path = TrueOrFalseViewController.swift; sourceTree = "<group>"; };
		44A0C4E81BB6B07C0039490E /* WordsMakerViewController.swift */ = {isa = PBXFileReference; fileEncoding = 4; lastKnownFileType = sourcecode.swift; path = WordsMakerViewController.swift; sourceTree = "<group>"; };
		44A0C4EA1BB6B08C0039490E /* MatchWordsViewController.swift */ = {isa = PBXFileReference; fileEncoding = 4; lastKnownFileType = sourcecode.swift; path = MatchWordsViewController.swift; sourceTree = "<group>"; };
		44A0C4EC1BB6B0A90039490E /* MemoryWordsViewController.swift */ = {isa = PBXFileReference; fileEncoding = 4; lastKnownFileType = sourcecode.swift; path = MemoryWordsViewController.swift; sourceTree = "<group>"; };
		44A0C4EF1BB6B29F0039490E /* DataBaseManager.swift */ = {isa = PBXFileReference; fileEncoding = 4; lastKnownFileType = sourcecode.swift; path = DataBaseManager.swift; sourceTree = "<group>"; };
		44A0C4F11BB6B2CF0039490E /* CoreData.framework */ = {isa = PBXFileReference; lastKnownFileType = wrapper.framework; name = CoreData.framework; path = System/Library/Frameworks/CoreData.framework; sourceTree = SDKROOT; };
		44A0C4F41BB6B34C0039490E /* DataBaseModel.xcdatamodel */ = {isa = PBXFileReference; lastKnownFileType = wrapper.xcdatamodel; path = DataBaseModel.xcdatamodel; sourceTree = "<group>"; };
/* End PBXFileReference section */

/* Begin PBXFrameworksBuildPhase section */
		44A0C4C91BB6ACB10039490E /* Frameworks */ = {
			isa = PBXFrameworksBuildPhase;
			buildActionMask = 2147483647;
			files = (
				44A0C4F21BB6B2CF0039490E /* CoreData.framework in Frameworks */,
			);
			runOnlyForDeploymentPostprocessing = 0;
		};
/* End PBXFrameworksBuildPhase section */

/* Begin PBXGroup section */
		44A0C4C31BB6ACB10039490E = {
			isa = PBXGroup;
			children = (
				44A0C4F11BB6B2CF0039490E /* CoreData.framework */,
				44A0C4CE1BB6ACB10039490E /* PanProfesor */,
				44A0C4CD1BB6ACB10039490E /* Products */,
			);
			sourceTree = "<group>";
		};
		44A0C4CD1BB6ACB10039490E /* Products */ = {
			isa = PBXGroup;
			children = (
				44A0C4CC1BB6ACB10039490E /* PanProfesor.app */,
			);
			name = Products;
			sourceTree = "<group>";
		};
		44A0C4CE1BB6ACB10039490E /* PanProfesor */ = {
			isa = PBXGroup;
			children = (
				44A0C4EE1BB6B1160039490E /* DataBase */,
				44A0C4E11BB6AD7E0039490E /* Helpers */,
				44A0C4E21BB6AD7E0039490E /* Resources */,
				44A0C4E31BB6AD7E0039490E /* View Controllers */,
				44A0C4CF1BB6ACB10039490E /* AppDelegate.swift */,
				44A0C4D11BB6ACB10039490E /* ViewController.swift */,
				44A0C4D31BB6ACB10039490E /* Main.storyboard */,
				44A0C4D61BB6ACB10039490E /* Assets.xcassets */,
				44A0C4D81BB6ACB10039490E /* LaunchScreen.storyboard */,
				44A0C4DB1BB6ACB10039490E /* Info.plist */,
			);
			path = PanProfesor;
			sourceTree = "<group>";
		};
		44A0C4E11BB6AD7E0039490E /* Helpers */ = {
			isa = PBXGroup;
			children = (
			);
			path = Helpers;
			sourceTree = "<group>";
		};
		44A0C4E21BB6AD7E0039490E /* Resources */ = {
			isa = PBXGroup;
			children = (
			);
			path = Resources;
			sourceTree = "<group>";
		};
		44A0C4E31BB6AD7E0039490E /* View Controllers */ = {
			isa = PBXGroup;
			children = (
				44A0C4E41BB6AF2E0039490E /* BaseViewController.swift */,
				44A0C4E61BB6B0680039490E /* TrueOrFalseViewController.swift */,
				44A0C4E81BB6B07C0039490E /* WordsMakerViewController.swift */,
				44A0C4EA1BB6B08C0039490E /* MatchWordsViewController.swift */,
				44A0C4EC1BB6B0A90039490E /* MemoryWordsViewController.swift */,
			);
			path = "View Controllers";
			sourceTree = "<group>";
		};
		44A0C4EE1BB6B1160039490E /* DataBase */ = {
			isa = PBXGroup;
			children = (
				44A0C4EF1BB6B29F0039490E /* DataBaseManager.swift */,
				44A0C4F31BB6B34C0039490E /* DataBaseModel.xcdatamodeld */,
			);
			path = DataBase;
			sourceTree = "<group>";
		};
/* End PBXGroup section */

/* Begin PBXNativeTarget section */
		44A0C4CB1BB6ACB10039490E /* PanProfesor */ = {
			isa = PBXNativeTarget;
			buildConfigurationList = 44A0C4DE1BB6ACB10039490E /* Build configuration list for PBXNativeTarget "PanProfesor" */;
			buildPhases = (
				44A0C4C81BB6ACB10039490E /* Sources */,
				44A0C4C91BB6ACB10039490E /* Frameworks */,
				44A0C4CA1BB6ACB10039490E /* Resources */,
			);
			buildRules = (
			);
			dependencies = (
			);
			name = PanProfesor;
			productName = PanProfesor;
			productReference = 44A0C4CC1BB6ACB10039490E /* PanProfesor.app */;
			productType = "com.apple.product-type.application";
		};
/* End PBXNativeTarget section */

/* Begin PBXProject section */
		44A0C4C41BB6ACB10039490E /* Project object */ = {
			isa = PBXProject;
			attributes = {
				LastUpgradeCheck = 0700;
				ORGANIZATIONNAME = "Eugene Karachinskiy";
				TargetAttributes = {
					44A0C4CB1BB6ACB10039490E = {
						CreatedOnToolsVersion = 7.0;
					};
				};
			};
			buildConfigurationList = 44A0C4C71BB6ACB10039490E /* Build configuration list for PBXProject "PanProfesor" */;
			compatibilityVersion = "Xcode 3.2";
			developmentRegion = English;
			hasScannedForEncodings = 0;
			knownRegions = (
				en,
				Base,
			);
			mainGroup = 44A0C4C31BB6ACB10039490E;
			productRefGroup = 44A0C4CD1BB6ACB10039490E /* Products */;
			projectDirPath = "";
			projectRoot = "";
			targets = (
				44A0C4CB1BB6ACB10039490E /* PanProfesor */,
			);
		};
/* End PBXProject section */

/* Begin PBXResourcesBuildPhase section */
		44A0C4CA1BB6ACB10039490E /* Resources */ = {
			isa = PBXResourcesBuildPhase;
			buildActionMask = 2147483647;
			files = (
				44A0C4DA1BB6ACB10039490E /* LaunchScreen.storyboard in Resources */,
				44A0C4D71BB6ACB10039490E /* Assets.xcassets in Resources */,
				44A0C4D51BB6ACB10039490E /* Main.storyboard in Resources */,
			);
			runOnlyForDeploymentPostprocessing = 0;
		};
/* End PBXResourcesBuildPhase section */

/* Begin PBXSourcesBuildPhase section */
		44A0C4C81BB6ACB10039490E /* Sources */ = {
			isa = PBXSourcesBuildPhase;
			buildActionMask = 2147483647;
			files = (
				44A0C4F01BB6B29F0039490E /* DataBaseManager.swift in Sources */,
				44A0C4EB1BB6B08C0039490E /* MatchWordsViewController.swift in Sources */,
				44A0C4E91BB6B07C0039490E /* WordsMakerViewController.swift in Sources */,
				44A0C4ED1BB6B0A90039490E /* MemoryWordsViewController.swift in Sources */,
				44A0C4D21BB6ACB10039490E /* ViewController.swift in Sources */,
				44A0C4E71BB6B0680039490E /* TrueOrFalseViewController.swift in Sources */,
				44A0C4D01BB6ACB10039490E /* AppDelegate.swift in Sources */,
				44A0C4F51BB6B34C0039490E /* DataBaseModel.xcdatamodeld in Sources */,
				44A0C4E51BB6AF2E0039490E /* BaseViewController.swift in Sources */,
			);
			runOnlyForDeploymentPostprocessing = 0;
		};
/* End PBXSourcesBuildPhase section */

/* Begin PBXVariantGroup section */
		44A0C4D31BB6ACB10039490E /* Main.storyboard */ = {
			isa = PBXVariantGroup;
			children = (
				44A0C4D41BB6ACB10039490E /* Base */,
			);
			name = Main.storyboard;
			sourceTree = "<group>";
		};
		44A0C4D81BB6ACB10039490E /* LaunchScreen.storyboard */ = {
			isa = PBXVariantGroup;
			children = (
				44A0C4D91BB6ACB10039490E /* Base */,
			);
			name = LaunchScreen.storyboard;
			sourceTree = "<group>";
		};
/* End PBXVariantGroup section */

/* Begin XCBuildConfiguration section */
		44A0C4DC1BB6ACB10039490E /* Debug */ = {
			isa = XCBuildConfiguration;
			buildSettings = {
				ALWAYS_SEARCH_USER_PATHS = NO;
				CLANG_CXX_LANGUAGE_STANDARD = "gnu++0x";
				CLANG_CXX_LIBRARY = "libc++";
				CLANG_ENABLE_MODULES = YES;
				CLANG_ENABLE_OBJC_ARC = YES;
				CLANG_WARN_BOOL_CONVERSION = YES;
				CLANG_WARN_CONSTANT_CONVERSION = YES;
				CLANG_WARN_DIRECT_OBJC_ISA_USAGE = YES_ERROR;
				CLANG_WARN_EMPTY_BODY = YES;
				CLANG_WARN_ENUM_CONVERSION = YES;
				CLANG_WARN_INT_CONVERSION = YES;
				CLANG_WARN_OBJC_ROOT_CLASS = YES_ERROR;
				CLANG_WARN_UNREACHABLE_CODE = YES;
				CLANG_WARN__DUPLICATE_METHOD_MATCH = YES;
				"CODE_SIGN_IDENTITY[sdk=iphoneos*]" = "iPhone Developer";
				COPY_PHASE_STRIP = NO;
				DEBUG_INFORMATION_FORMAT = dwarf;
				ENABLE_STRICT_OBJC_MSGSEND = YES;
				ENABLE_TESTABILITY = YES;
				GCC_C_LANGUAGE_STANDARD = gnu99;
				GCC_DYNAMIC_NO_PIC = NO;
				GCC_NO_COMMON_BLOCKS = YES;
				GCC_OPTIMIZATION_LEVEL = 0;
				GCC_PREPROCESSOR_DEFINITIONS = (
					"DEBUG=1",
					"$(inherited)",
				);
				GCC_WARN_64_TO_32_BIT_CONVERSION = YES;
				GCC_WARN_ABOUT_RETURN_TYPE = YES_ERROR;
				GCC_WARN_UNDECLARED_SELECTOR = YES;
				GCC_WARN_UNINITIALIZED_AUTOS = YES_AGGRESSIVE;
				GCC_WARN_UNUSED_FUNCTION = YES;
				GCC_WARN_UNUSED_VARIABLE = YES;
				IPHONEOS_DEPLOYMENT_TARGET = 9.0;
				MTL_ENABLE_DEBUG_INFO = YES;
				ONLY_ACTIVE_ARCH = YES;
				SDKROOT = iphoneos;
				SWIFT_OPTIMIZATION_LEVEL = "-Onone";
				TARGETED_DEVICE_FAMILY = "1,2";
			};
			name = Debug;
		};
		44A0C4DD1BB6ACB10039490E /* Release */ = {
			isa = XCBuildConfiguration;
			buildSettings = {
				ALWAYS_SEARCH_USER_PATHS = NO;
				CLANG_CXX_LANGUAGE_STANDARD = "gnu++0x";
				CLANG_CXX_LIBRARY = "libc++";
				CLANG_ENABLE_MODULES = YES;
				CLANG_ENABLE_OBJC_ARC = YES;
				CLANG_WARN_BOOL_CONVERSION = YES;
				CLANG_WARN_CONSTANT_CONVERSION = YES;
				CLANG_WARN_DIRECT_OBJC_ISA_USAGE = YES_ERROR;
				CLANG_WARN_EMPTY_BODY = YES;
				CLANG_WARN_ENUM_CONVERSION = YES;
				CLANG_WARN_INT_CONVERSION = YES;
				CLANG_WARN_OBJC_ROOT_CLASS = YES_ERROR;
				CLANG_WARN_UNREACHABLE_CODE = YES;
				CLANG_WARN__DUPLICATE_METHOD_MATCH = YES;
				"CODE_SIGN_IDENTITY[sdk=iphoneos*]" = "iPhone Developer";
				COPY_PHASE_STRIP = NO;
				DEBUG_INFORMATION_FORMAT = "dwarf-with-dsym";
				ENABLE_NS_ASSERTIONS = NO;
				ENABLE_STRICT_OBJC_MSGSEND = YES;
				GCC_C_LANGUAGE_STANDARD = gnu99;
				GCC_NO_COMMON_BLOCKS = YES;
				GCC_WARN_64_TO_32_BIT_CONVERSION = YES;
				GCC_WARN_ABOUT_RETURN_TYPE = YES_ERROR;
				GCC_WARN_UNDECLARED_SELECTOR = YES;
				GCC_WARN_UNINITIALIZED_AUTOS = YES_AGGRESSIVE;
				GCC_WARN_UNUSED_FUNCTION = YES;
				GCC_WARN_UNUSED_VARIABLE = YES;
				IPHONEOS_DEPLOYMENT_TARGET = 9.0;
				MTL_ENABLE_DEBUG_INFO = NO;
				SDKROOT = iphoneos;
				TARGETED_DEVICE_FAMILY = "1,2";
				VALIDATE_PRODUCT = YES;
			};
			name = Release;
		};
		44A0C4DF1BB6ACB10039490E /* Debug */ = {
			isa = XCBuildConfiguration;
			buildSettings = {
				ASSETCATALOG_COMPILER_APPICON_NAME = AppIcon;
				INFOPLIST_FILE = PanProfesor/Info.plist;
				LD_RUNPATH_SEARCH_PATHS = "$(inherited) @executable_path/Frameworks";
				PRODUCT_BUNDLE_IDENTIFIER = "Eugene-Karachinskiy.PanProfesor";
				PRODUCT_NAME = "$(TARGET_NAME)";
			};
			name = Debug;
		};
		44A0C4E01BB6ACB10039490E /* Release */ = {
			isa = XCBuildConfiguration;
			buildSettings = {
				ASSETCATALOG_COMPILER_APPICON_NAME = AppIcon;
				INFOPLIST_FILE = PanProfesor/Info.plist;
				LD_RUNPATH_SEARCH_PATHS = "$(inherited) @executable_path/Frameworks";
				PRODUCT_BUNDLE_IDENTIFIER = "Eugene-Karachinskiy.PanProfesor";
				PRODUCT_NAME = "$(TARGET_NAME)";
			};
			name = Release;
		};
/* End XCBuildConfiguration section */

/* Begin XCConfigurationList section */
		44A0C4C71BB6ACB10039490E /* Build configuration list for PBXProject "PanProfesor" */ = {
			isa = XCConfigurationList;
			buildConfigurations = (
				44A0C4DC1BB6ACB10039490E /* Debug */,
				44A0C4DD1BB6ACB10039490E /* Release */,
			);
			defaultConfigurationIsVisible = 0;
			defaultConfigurationName = Release;
		};
		44A0C4DE1BB6ACB10039490E /* Build configuration list for PBXNativeTarget "PanProfesor" */ = {
			isa = XCConfigurationList;
			buildConfigurations = (
				44A0C4DF1BB6ACB10039490E /* Debug */,
				44A0C4E01BB6ACB10039490E /* Release */,
			);
			defaultConfigurationIsVisible = 0;
			defaultConfigurationName = Release;
		};
/* End XCConfigurationList section */

/* Begin XCVersionGroup section */
		44A0C4F31BB6B34C0039490E /* DataBaseModel.xcdatamodeld */ = {
			isa = XCVersionGroup;
			children = (
				44A0C4F41BB6B34C0039490E /* DataBaseModel.xcdatamodel */,
			);
			currentVersion = 44A0C4F41BB6B34C0039490E /* DataBaseModel.xcdatamodel */;
			path = DataBaseModel.xcdatamodeld;
			sourceTree = "<group>";
			versionGroupType = wrapper.xcdatamodel;
		};
/* End XCVersionGroup section */
	};
	rootObject = 44A0C4C41BB6ACB10039490E /* Project object */;
}
