// !$*UTF8*$!
{
	archiveVersion = 1;
	classes = {
	};
	objectVersion = 46;
	objects = {

/* Begin PBXBuildFile section */
		44115CF41BFD23BC00371CEE /* AlphabetViewController.swift in Sources */ = {isa = PBXBuildFile; fileRef = 44115CF31BFD23BC00371CEE /* AlphabetViewController.swift */; };
		44115CF61BFD25C200371CEE /* AlphabetCollectionViewCell.swift in Sources */ = {isa = PBXBuildFile; fileRef = 44115CF51BFD25C200371CEE /* AlphabetCollectionViewCell.swift */; };
		441474A31BE7884A005A4F54 /* ContentManager.swift in Sources */ = {isa = PBXBuildFile; fileRef = 441474A21BE7884A005A4F54 /* ContentManager.swift */; };
		441642B11BDA7B16000D011D /* MemoryCollectionViewCell.swift in Sources */ = {isa = PBXBuildFile; fileRef = 441642B01BDA7B16000D011D /* MemoryCollectionViewCell.swift */; };
		449B7A241BFB9FC3004B645E /* ChooseSectionViewController.swift in Sources */ = {isa = PBXBuildFile; fileRef = 449B7A231BFB9FC3004B645E /* ChooseSectionViewController.swift */; };
		449B7A261BFBA3AD004B645E /* SectionCollectionViewCell.swift in Sources */ = {isa = PBXBuildFile; fileRef = 449B7A251BFBA3AD004B645E /* SectionCollectionViewCell.swift */; };
		449B7A281BFBA73C004B645E /* ChooseExamCollectionViewController.swift in Sources */ = {isa = PBXBuildFile; fileRef = 449B7A271BFBA73C004B645E /* ChooseExamCollectionViewController.swift */; };
		449B7A2A1BFBAAA8004B645E /* ExamCollectionViewCell.swift in Sources */ = {isa = PBXBuildFile; fileRef = 449B7A291BFBAAA8004B645E /* ExamCollectionViewCell.swift */; };
		44A0C4D01BB6ACB10039490E /* AppDelegate.swift in Sources */ = {isa = PBXBuildFile; fileRef = 44A0C4CF1BB6ACB10039490E /* AppDelegate.swift */; };
		44A0C4D21BB6ACB10039490E /* ViewController.swift in Sources */ = {isa = PBXBuildFile; fileRef = 44A0C4D11BB6ACB10039490E /* ViewController.swift */; };
		44A0C4D51BB6ACB10039490E /* Main.storyboard in Resources */ = {isa = PBXBuildFile; fileRef = 44A0C4D31BB6ACB10039490E /* Main.storyboard */; };
		44A0C4D71BB6ACB10039490E /* Ciało.xcassets in Resources */ = {isa = PBXBuildFile; fileRef = 44A0C4D61BB6ACB10039490E /* Ciało.xcassets */; };
		44A0C4DA1BB6ACB10039490E /* LaunchScreen.storyboard in Resources */ = {isa = PBXBuildFile; fileRef = 44A0C4D81BB6ACB10039490E /* LaunchScreen.storyboard */; };
		44A0C4E51BB6AF2E0039490E /* BaseViewController.swift in Sources */ = {isa = PBXBuildFile; fileRef = 44A0C4E41BB6AF2E0039490E /* BaseViewController.swift */; };
		44A0C4E71BB6B0680039490E /* TrueOrFalseViewController.swift in Sources */ = {isa = PBXBuildFile; fileRef = 44A0C4E61BB6B0680039490E /* TrueOrFalseViewController.swift */; };
		44A0C4E91BB6B07C0039490E /* WordsMakerViewController.swift in Sources */ = {isa = PBXBuildFile; fileRef = 44A0C4E81BB6B07C0039490E /* WordsMakerViewController.swift */; };
		44A0C4EB1BB6B08C0039490E /* MatchWordsViewController.swift in Sources */ = {isa = PBXBuildFile; fileRef = 44A0C4EA1BB6B08C0039490E /* MatchWordsViewController.swift */; };
		44A0C4ED1BB6B0A90039490E /* MemoryWordsViewController.swift in Sources */ = {isa = PBXBuildFile; fileRef = 44A0C4EC1BB6B0A90039490E /* MemoryWordsViewController.swift */; };
		44A0C4F01BB6B29F0039490E /* DataBaseManager.swift in Sources */ = {isa = PBXBuildFile; fileRef = 44A0C4EF1BB6B29F0039490E /* DataBaseManager.swift */; };
		44A0C4F21BB6B2CF0039490E /* CoreData.framework in Frameworks */ = {isa = PBXBuildFile; fileRef = 44A0C4F11BB6B2CF0039490E /* CoreData.framework */; };
		44A0C4F51BB6B34C0039490E /* PanProfesor.xcdatamodeld in Sources */ = {isa = PBXBuildFile; fileRef = 44A0C4F31BB6B34C0039490E /* PanProfesor.xcdatamodeld */; };
		44C931771BFCF8CB000AB742 /* CardsViewController.swift in Sources */ = {isa = PBXBuildFile; fileRef = 44C931761BFCF8CB000AB742 /* CardsViewController.swift */; };
		44C931791BFD02C1000AB742 /* SpeechHelper.swift in Sources */ = {isa = PBXBuildFile; fileRef = 44C931781BFD02C1000AB742 /* SpeechHelper.swift */; };
		44C9317B1BFD0332000AB742 /* AVFoundation.framework in Frameworks */ = {isa = PBXBuildFile; fileRef = 44C9317A1BFD0332000AB742 /* AVFoundation.framework */; };
		44C9317D1BFD066A000AB742 /* TraningCardsViewController.swift in Sources */ = {isa = PBXBuildFile; fileRef = 44C9317C1BFD066A000AB742 /* TraningCardsViewController.swift */; };
		44C9317F1BFD0BBD000AB742 /* ChooseTranslateViewController.swift in Sources */ = {isa = PBXBuildFile; fileRef = 44C9317E1BFD0BBD000AB742 /* ChooseTranslateViewController.swift */; };
		44C931811BFD15B6000AB742 /* TranslateCollectionViewCell.swift in Sources */ = {isa = PBXBuildFile; fileRef = 44C931801BFD15B6000AB742 /* TranslateCollectionViewCell.swift */; };
		44C931831BFD1E53000AB742 /* ChooseAudioTranslateViewController.swift in Sources */ = {isa = PBXBuildFile; fileRef = 44C931821BFD1E53000AB742 /* ChooseAudioTranslateViewController.swift */; };
		44D05BF91BFB3D1100F72723 /* Ciało.json in Resources */ = {isa = PBXBuildFile; fileRef = 44D05BF81BFB3D1100F72723 /* Ciało.json */; };
		44D2058E1BFB89FF00B8BCAA /* Section+CoreDataProperties.swift in Sources */ = {isa = PBXBuildFile; fileRef = 44D2058A1BFB89FF00B8BCAA /* Section+CoreDataProperties.swift */; };
		44D2058F1BFB89FF00B8BCAA /* Section.swift in Sources */ = {isa = PBXBuildFile; fileRef = 44D2058B1BFB89FF00B8BCAA /* Section.swift */; };
		44D205901BFB89FF00B8BCAA /* Word+CoreDataProperties.swift in Sources */ = {isa = PBXBuildFile; fileRef = 44D2058C1BFB89FF00B8BCAA /* Word+CoreDataProperties.swift */; };
		44D205911BFB89FF00B8BCAA /* Word.swift in Sources */ = {isa = PBXBuildFile; fileRef = 44D2058D1BFB89FF00B8BCAA /* Word.swift */; };
		44EE3E861BD7BCDF00F0E640 /* CardCollectionViewCell.swift in Sources */ = {isa = PBXBuildFile; fileRef = 44EE3E851BD7BCDF00F0E640 /* CardCollectionViewCell.swift */; };
		44EE3E881BD7D65600F0E640 /* Extensions.swift in Sources */ = {isa = PBXBuildFile; fileRef = 44EE3E871BD7D65600F0E640 /* Extensions.swift */; };
		44EE3E8A1BD7D6B000F0E640 /* LetterCollectionViewCell.swift in Sources */ = {isa = PBXBuildFile; fileRef = 44EE3E891BD7D6B000F0E640 /* LetterCollectionViewCell.swift */; };
		44FA757A1BFDBA6200B8FF0E /* Twarz.json in Resources */ = {isa = PBXBuildFile; fileRef = 44FA75791BFDBA6200B8FF0E /* Twarz.json */; };
		44FA757C1BFDBBA600B8FF0E /* Twarz.xcassets in Resources */ = {isa = PBXBuildFile; fileRef = 44FA757B1BFDBBA600B8FF0E /* Twarz.xcassets */; };
/* End PBXBuildFile section */

/* Begin PBXFileReference section */
		44115CF31BFD23BC00371CEE /* AlphabetViewController.swift */ = {isa = PBXFileReference; fileEncoding = 4; lastKnownFileType = sourcecode.swift; path = AlphabetViewController.swift; sourceTree = "<group>"; };
		44115CF51BFD25C200371CEE /* AlphabetCollectionViewCell.swift */ = {isa = PBXFileReference; fileEncoding = 4; lastKnownFileType = sourcecode.swift; path = AlphabetCollectionViewCell.swift; sourceTree = "<group>"; };
		441474A21BE7884A005A4F54 /* ContentManager.swift */ = {isa = PBXFileReference; fileEncoding = 4; lastKnownFileType = sourcecode.swift; path = ContentManager.swift; sourceTree = "<group>"; };
		441642B01BDA7B16000D011D /* MemoryCollectionViewCell.swift */ = {isa = PBXFileReference; fileEncoding = 4; lastKnownFileType = sourcecode.swift; path = MemoryCollectionViewCell.swift; sourceTree = "<group>"; };
		449B7A231BFB9FC3004B645E /* ChooseSectionViewController.swift */ = {isa = PBXFileReference; fileEncoding = 4; lastKnownFileType = sourcecode.swift; path = ChooseSectionViewController.swift; sourceTree = "<group>"; };
		449B7A251BFBA3AD004B645E /* SectionCollectionViewCell.swift */ = {isa = PBXFileReference; fileEncoding = 4; lastKnownFileType = sourcecode.swift; path = SectionCollectionViewCell.swift; sourceTree = "<group>"; };
		449B7A271BFBA73C004B645E /* ChooseExamCollectionViewController.swift */ = {isa = PBXFileReference; fileEncoding = 4; lastKnownFileType = sourcecode.swift; path = ChooseExamCollectionViewController.swift; sourceTree = "<group>"; };
		449B7A291BFBAAA8004B645E /* ExamCollectionViewCell.swift */ = {isa = PBXFileReference; fileEncoding = 4; lastKnownFileType = sourcecode.swift; path = ExamCollectionViewCell.swift; sourceTree = "<group>"; };
		44A0C4CC1BB6ACB10039490E /* PanProfesor.app */ = {isa = PBXFileReference; explicitFileType = wrapper.application; includeInIndex = 0; path = PanProfesor.app; sourceTree = BUILT_PRODUCTS_DIR; };
		44A0C4CF1BB6ACB10039490E /* AppDelegate.swift */ = {isa = PBXFileReference; lastKnownFileType = sourcecode.swift; path = AppDelegate.swift; sourceTree = "<group>"; };
		44A0C4D11BB6ACB10039490E /* ViewController.swift */ = {isa = PBXFileReference; lastKnownFileType = sourcecode.swift; path = ViewController.swift; sourceTree = "<group>"; };
		44A0C4D41BB6ACB10039490E /* Base */ = {isa = PBXFileReference; lastKnownFileType = file.storyboard; name = Base; path = Base.lproj/Main.storyboard; sourceTree = "<group>"; };
		44A0C4D61BB6ACB10039490E /* Ciało.xcassets */ = {isa = PBXFileReference; lastKnownFileType = folder.assetcatalog; path = "Ciało.xcassets"; sourceTree = "<group>"; };
		44A0C4D91BB6ACB10039490E /* Base */ = {isa = PBXFileReference; lastKnownFileType = file.storyboard; name = Base; path = Base.lproj/LaunchScreen.storyboard; sourceTree = "<group>"; };
		44A0C4DB1BB6ACB10039490E /* Info.plist */ = {isa = PBXFileReference; lastKnownFileType = text.plist.xml; path = Info.plist; sourceTree = "<group>"; };
		44A0C4E41BB6AF2E0039490E /* BaseViewController.swift */ = {isa = PBXFileReference; fileEncoding = 4; lastKnownFileType = sourcecode.swift; path = BaseViewController.swift; sourceTree = "<group>"; };
		44A0C4E61BB6B0680039490E /* TrueOrFalseViewController.swift */ = {isa = PBXFileReference; fileEncoding = 4; lastKnownFileType = sourcecode.swift; path = TrueOrFalseViewController.swift; sourceTree = "<group>"; };
		44A0C4E81BB6B07C0039490E /* WordsMakerViewController.swift */ = {isa = PBXFileReference; fileEncoding = 4; lastKnownFileType = sourcecode.swift; path = WordsMakerViewController.swift; sourceTree = "<group>"; };
		44A0C4EA1BB6B08C0039490E /* MatchWordsViewController.swift */ = {isa = PBXFileReference; fileEncoding = 4; lastKnownFileType = sourcecode.swift; path = MatchWordsViewController.swift; sourceTree = "<group>"; };
		44A0C4EC1BB6B0A90039490E /* MemoryWordsViewController.swift */ = {isa = PBXFileReference; fileEncoding = 4; lastKnownFileType = sourcecode.swift; path = MemoryWordsViewController.swift; sourceTree = "<group>"; };
		44A0C4EF1BB6B29F0039490E /* DataBaseManager.swift */ = {isa = PBXFileReference; fileEncoding = 4; lastKnownFileType = sourcecode.swift; path = DataBaseManager.swift; sourceTree = "<group>"; };
		44A0C4F11BB6B2CF0039490E /* CoreData.framework */ = {isa = PBXFileReference; lastKnownFileType = wrapper.framework; name = CoreData.framework; path = System/Library/Frameworks/CoreData.framework; sourceTree = SDKROOT; };
		44A0C4F41BB6B34C0039490E /* PanProfesor.xcdatamodel */ = {isa = PBXFileReference; lastKnownFileType = wrapper.xcdatamodel; path = PanProfesor.xcdatamodel; sourceTree = "<group>"; };
		44C931761BFCF8CB000AB742 /* CardsViewController.swift */ = {isa = PBXFileReference; fileEncoding = 4; lastKnownFileType = sourcecode.swift; path = CardsViewController.swift; sourceTree = "<group>"; };
		44C931781BFD02C1000AB742 /* SpeechHelper.swift */ = {isa = PBXFileReference; fileEncoding = 4; lastKnownFileType = sourcecode.swift; path = SpeechHelper.swift; sourceTree = "<group>"; };
		44C9317A1BFD0332000AB742 /* AVFoundation.framework */ = {isa = PBXFileReference; lastKnownFileType = wrapper.framework; name = AVFoundation.framework; path = System/Library/Frameworks/AVFoundation.framework; sourceTree = SDKROOT; };
		44C9317C1BFD066A000AB742 /* TraningCardsViewController.swift */ = {isa = PBXFileReference; fileEncoding = 4; lastKnownFileType = sourcecode.swift; path = TraningCardsViewController.swift; sourceTree = "<group>"; };
		44C9317E1BFD0BBD000AB742 /* ChooseTranslateViewController.swift */ = {isa = PBXFileReference; fileEncoding = 4; lastKnownFileType = sourcecode.swift; path = ChooseTranslateViewController.swift; sourceTree = "<group>"; };
		44C931801BFD15B6000AB742 /* TranslateCollectionViewCell.swift */ = {isa = PBXFileReference; fileEncoding = 4; lastKnownFileType = sourcecode.swift; path = TranslateCollectionViewCell.swift; sourceTree = "<group>"; };
		44C931821BFD1E53000AB742 /* ChooseAudioTranslateViewController.swift */ = {isa = PBXFileReference; fileEncoding = 4; lastKnownFileType = sourcecode.swift; path = ChooseAudioTranslateViewController.swift; sourceTree = "<group>"; };
		44D05BF81BFB3D1100F72723 /* Ciało.json */ = {isa = PBXFileReference; fileEncoding = 4; lastKnownFileType = text.json; path = "Ciało.json"; sourceTree = "<group>"; };
		44D2058A1BFB89FF00B8BCAA /* Section+CoreDataProperties.swift */ = {isa = PBXFileReference; fileEncoding = 4; lastKnownFileType = sourcecode.swift; path = "Section+CoreDataProperties.swift"; sourceTree = "<group>"; };
		44D2058B1BFB89FF00B8BCAA /* Section.swift */ = {isa = PBXFileReference; fileEncoding = 4; lastKnownFileType = sourcecode.swift; path = Section.swift; sourceTree = "<group>"; };
		44D2058C1BFB89FF00B8BCAA /* Word+CoreDataProperties.swift */ = {isa = PBXFileReference; fileEncoding = 4; lastKnownFileType = sourcecode.swift; path = "Word+CoreDataProperties.swift"; sourceTree = "<group>"; };
		44D2058D1BFB89FF00B8BCAA /* Word.swift */ = {isa = PBXFileReference; fileEncoding = 4; lastKnownFileType = sourcecode.swift; path = Word.swift; sourceTree = "<group>"; };
		44EE3E851BD7BCDF00F0E640 /* CardCollectionViewCell.swift */ = {isa = PBXFileReference; fileEncoding = 4; lastKnownFileType = sourcecode.swift; path = CardCollectionViewCell.swift; sourceTree = "<group>"; };
		44EE3E871BD7D65600F0E640 /* Extensions.swift */ = {isa = PBXFileReference; fileEncoding = 4; lastKnownFileType = sourcecode.swift; path = Extensions.swift; sourceTree = "<group>"; };
		44EE3E891BD7D6B000F0E640 /* LetterCollectionViewCell.swift */ = {isa = PBXFileReference; fileEncoding = 4; lastKnownFileType = sourcecode.swift; path = LetterCollectionViewCell.swift; sourceTree = "<group>"; };
		44FA75791BFDBA6200B8FF0E /* Twarz.json */ = {isa = PBXFileReference; fileEncoding = 4; lastKnownFileType = text.json; path = Twarz.json; sourceTree = "<group>"; };
		44FA757B1BFDBBA600B8FF0E /* Twarz.xcassets */ = {isa = PBXFileReference; lastKnownFileType = folder.assetcatalog; path = Twarz.xcassets; sourceTree = "<group>"; };
/* End PBXFileReference section */

/* Begin PBXFrameworksBuildPhase section */
		44A0C4C91BB6ACB10039490E /* Frameworks */ = {
			isa = PBXFrameworksBuildPhase;
			buildActionMask = 2147483647;
			files = (
				44C9317B1BFD0332000AB742 /* AVFoundation.framework in Frameworks */,
				44A0C4F21BB6B2CF0039490E /* CoreData.framework in Frameworks */,
			);
			runOnlyForDeploymentPostprocessing = 0;
		};
/* End PBXFrameworksBuildPhase section */

/* Begin PBXGroup section */
		44A0C4C31BB6ACB10039490E = {
			isa = PBXGroup;
			children = (
				44C9317A1BFD0332000AB742 /* AVFoundation.framework */,
				44A0C4F11BB6B2CF0039490E /* CoreData.framework */,
				44A0C4CE1BB6ACB10039490E /* PanProfesor */,
				44A0C4CD1BB6ACB10039490E /* Products */,
			);
			sourceTree = "<group>";
		};
		44A0C4CD1BB6ACB10039490E /* Products */ = {
			isa = PBXGroup;
			children = (
				44A0C4CC1BB6ACB10039490E /* PanProfesor.app */,
			);
			name = Products;
			sourceTree = "<group>";
		};
		44A0C4CE1BB6ACB10039490E /* PanProfesor */ = {
			isa = PBXGroup;
			children = (
				44A0C4EE1BB6B1160039490E /* DataBase */,
				44A0C4E11BB6AD7E0039490E /* Helpers */,
				44A0C4E21BB6AD7E0039490E /* Resources */,
				44A0C4E31BB6AD7E0039490E /* View Controllers */,
				44A0C4CF1BB6ACB10039490E /* AppDelegate.swift */,
				44A0C4D11BB6ACB10039490E /* ViewController.swift */,
				44A0C4D31BB6ACB10039490E /* Main.storyboard */,
				44A0C4D61BB6ACB10039490E /* Ciało.xcassets */,
				44FA757B1BFDBBA600B8FF0E /* Twarz.xcassets */,
				44A0C4D81BB6ACB10039490E /* LaunchScreen.storyboard */,
				44A0C4DB1BB6ACB10039490E /* Info.plist */,
			);
			path = PanProfesor;
			sourceTree = "<group>";
		};
		44A0C4E11BB6AD7E0039490E /* Helpers */ = {
			isa = PBXGroup;
			children = (
				44EE3E871BD7D65600F0E640 /* Extensions.swift */,
				441474A21BE7884A005A4F54 /* ContentManager.swift */,
				44C931781BFD02C1000AB742 /* SpeechHelper.swift */,
			);
			path = Helpers;
			sourceTree = "<group>";
		};
		44A0C4E21BB6AD7E0039490E /* Resources */ = {
			isa = PBXGroup;
			children = (
				44FA75791BFDBA6200B8FF0E /* Twarz.json */,
				44D05BF81BFB3D1100F72723 /* Ciało.json */,
			);
			path = Resources;
			sourceTree = "<group>";
		};
		44A0C4E31BB6AD7E0039490E /* View Controllers */ = {
			isa = PBXGroup;
			children = (
				44EE3E841BD7BCC200F0E640 /* Сells */,
				44A0C4E41BB6AF2E0039490E /* BaseViewController.swift */,
				44A0C4E61BB6B0680039490E /* TrueOrFalseViewController.swift */,
				44A0C4E81BB6B07C0039490E /* WordsMakerViewController.swift */,
				44A0C4EA1BB6B08C0039490E /* MatchWordsViewController.swift */,
				44A0C4EC1BB6B0A90039490E /* MemoryWordsViewController.swift */,
				449B7A231BFB9FC3004B645E /* ChooseSectionViewController.swift */,
				449B7A271BFBA73C004B645E /* ChooseExamCollectionViewController.swift */,
				44C931761BFCF8CB000AB742 /* CardsViewController.swift */,
				44C9317C1BFD066A000AB742 /* TraningCardsViewController.swift */,
				44C9317E1BFD0BBD000AB742 /* ChooseTranslateViewController.swift */,
				44C931821BFD1E53000AB742 /* ChooseAudioTranslateViewController.swift */,
				44115CF31BFD23BC00371CEE /* AlphabetViewController.swift */,
			);
			path = "View Controllers";
			sourceTree = "<group>";
		};
		44A0C4EE1BB6B1160039490E /* DataBase */ = {
			isa = PBXGroup;
			children = (
				44D05C021BFB414000F72723 /* Model */,
				44A0C4EF1BB6B29F0039490E /* DataBaseManager.swift */,
				44A0C4F31BB6B34C0039490E /* PanProfesor.xcdatamodeld */,
			);
			path = DataBase;
			sourceTree = "<group>";
		};
		44D05C021BFB414000F72723 /* Model */ = {
			isa = PBXGroup;
			children = (
				44D2058A1BFB89FF00B8BCAA /* Section+CoreDataProperties.swift */,
				44D2058B1BFB89FF00B8BCAA /* Section.swift */,
				44D2058C1BFB89FF00B8BCAA /* Word+CoreDataProperties.swift */,
				44D2058D1BFB89FF00B8BCAA /* Word.swift */,
			);
			name = Model;
			sourceTree = "<group>";
		};
		44EE3E841BD7BCC200F0E640 /* Сells */ = {
			isa = PBXGroup;
			children = (
				44EE3E851BD7BCDF00F0E640 /* CardCollectionViewCell.swift */,
				44EE3E891BD7D6B000F0E640 /* LetterCollectionViewCell.swift */,
				441642B01BDA7B16000D011D /* MemoryCollectionViewCell.swift */,
				449B7A251BFBA3AD004B645E /* SectionCollectionViewCell.swift */,
				449B7A291BFBAAA8004B645E /* ExamCollectionViewCell.swift */,
				44C931801BFD15B6000AB742 /* TranslateCollectionViewCell.swift */,
				44115CF51BFD25C200371CEE /* AlphabetCollectionViewCell.swift */,
			);
			path = "Сells";
			sourceTree = "<group>";
		};
/* End PBXGroup section */

/* Begin PBXNativeTarget section */
		44A0C4CB1BB6ACB10039490E /* PanProfesor */ = {
			isa = PBXNativeTarget;
			buildConfigurationList = 44A0C4DE1BB6ACB10039490E /* Build configuration list for PBXNativeTarget "PanProfesor" */;
			buildPhases = (
				44A0C4C81BB6ACB10039490E /* Sources */,
				44A0C4C91BB6ACB10039490E /* Frameworks */,
				44A0C4CA1BB6ACB10039490E /* Resources */,
			);
			buildRules = (
			);
			dependencies = (
			);
			name = PanProfesor;
			productName = PanProfesor;
			productReference = 44A0C4CC1BB6ACB10039490E /* PanProfesor.app */;
			productType = "com.apple.product-type.application";
		};
/* End PBXNativeTarget section */

/* Begin PBXProject section */
		44A0C4C41BB6ACB10039490E /* Project object */ = {
			isa = PBXProject;
			attributes = {
				LastUpgradeCheck = 0700;
				ORGANIZATIONNAME = "Eugene Karachinskiy";
				TargetAttributes = {
					44A0C4CB1BB6ACB10039490E = {
						CreatedOnToolsVersion = 7.0;
					};
				};
			};
			buildConfigurationList = 44A0C4C71BB6ACB10039490E /* Build configuration list for PBXProject "PanProfesor" */;
			compatibilityVersion = "Xcode 3.2";
			developmentRegion = English;
			hasScannedForEncodings = 0;
			knownRegions = (
				en,
				Base,
			);
			mainGroup = 44A0C4C31BB6ACB10039490E;
			productRefGroup = 44A0C4CD1BB6ACB10039490E /* Products */;
			projectDirPath = "";
			projectRoot = "";
			targets = (
				44A0C4CB1BB6ACB10039490E /* PanProfesor */,
			);
		};
/* End PBXProject section */

/* Begin PBXResourcesBuildPhase section */
		44A0C4CA1BB6ACB10039490E /* Resources */ = {
			isa = PBXResourcesBuildPhase;
			buildActionMask = 2147483647;
			files = (
				44D05BF91BFB3D1100F72723 /* Ciało.json in Resources */,
				44A0C4DA1BB6ACB10039490E /* LaunchScreen.storyboard in Resources */,
				44A0C4D71BB6ACB10039490E /* Ciało.xcassets in Resources */,
				44FA757A1BFDBA6200B8FF0E /* Twarz.json in Resources */,
				44FA757C1BFDBBA600B8FF0E /* Twarz.xcassets in Resources */,
				44A0C4D51BB6ACB10039490E /* Main.storyboard in Resources */,
			);
			runOnlyForDeploymentPostprocessing = 0;
		};
/* End PBXResourcesBuildPhase section */

/* Begin PBXSourcesBuildPhase section */
		44A0C4C81BB6ACB10039490E /* Sources */ = {
			isa = PBXSourcesBuildPhase;
			buildActionMask = 2147483647;
			files = (
				449B7A281BFBA73C004B645E /* ChooseExamCollectionViewController.swift in Sources */,
				44D2058F1BFB89FF00B8BCAA /* Section.swift in Sources */,
				44C9317F1BFD0BBD000AB742 /* ChooseTranslateViewController.swift in Sources */,
				449B7A261BFBA3AD004B645E /* SectionCollectionViewCell.swift in Sources */,
				441642B11BDA7B16000D011D /* MemoryCollectionViewCell.swift in Sources */,
				44C9317D1BFD066A000AB742 /* TraningCardsViewController.swift in Sources */,
				441474A31BE7884A005A4F54 /* ContentManager.swift in Sources */,
				449B7A241BFB9FC3004B645E /* ChooseSectionViewController.swift in Sources */,
				44A0C4F01BB6B29F0039490E /* DataBaseManager.swift in Sources */,
				44115CF41BFD23BC00371CEE /* AlphabetViewController.swift in Sources */,
				44A0C4EB1BB6B08C0039490E /* MatchWordsViewController.swift in Sources */,
				44C931771BFCF8CB000AB742 /* CardsViewController.swift in Sources */,
				44115CF61BFD25C200371CEE /* AlphabetCollectionViewCell.swift in Sources */,
				44C931811BFD15B6000AB742 /* TranslateCollectionViewCell.swift in Sources */,
				44A0C4E91BB6B07C0039490E /* WordsMakerViewController.swift in Sources */,
				44A0C4ED1BB6B0A90039490E /* MemoryWordsViewController.swift in Sources */,
				44D2058E1BFB89FF00B8BCAA /* Section+CoreDataProperties.swift in Sources */,
				44C931831BFD1E53000AB742 /* ChooseAudioTranslateViewController.swift in Sources */,
				44A0C4D21BB6ACB10039490E /* ViewController.swift in Sources */,
				44D205911BFB89FF00B8BCAA /* Word.swift in Sources */,
				44A0C4E71BB6B0680039490E /* TrueOrFalseViewController.swift in Sources */,
				44A0C4D01BB6ACB10039490E /* AppDelegate.swift in Sources */,
				44D205901BFB89FF00B8BCAA /* Word+CoreDataProperties.swift in Sources */,
				44A0C4F51BB6B34C0039490E /* PanProfesor.xcdatamodeld in Sources */,
				44EE3E8A1BD7D6B000F0E640 /* LetterCollectionViewCell.swift in Sources */,
				44EE3E861BD7BCDF00F0E640 /* CardCollectionViewCell.swift in Sources */,
				449B7A2A1BFBAAA8004B645E /* ExamCollectionViewCell.swift in Sources */,
				44EE3E881BD7D65600F0E640 /* Extensions.swift in Sources */,
				44C931791BFD02C1000AB742 /* SpeechHelper.swift in Sources */,
				44A0C4E51BB6AF2E0039490E /* BaseViewController.swift in Sources */,
			);
			runOnlyForDeploymentPostprocessing = 0;
		};
/* End PBXSourcesBuildPhase section */

/* Begin PBXVariantGroup section */
		44A0C4D31BB6ACB10039490E /* Main.storyboard */ = {
			isa = PBXVariantGroup;
			children = (
				44A0C4D41BB6ACB10039490E /* Base */,
			);
			name = Main.storyboard;
			sourceTree = "<group>";
		};
		44A0C4D81BB6ACB10039490E /* LaunchScreen.storyboard */ = {
			isa = PBXVariantGroup;
			children = (
				44A0C4D91BB6ACB10039490E /* Base */,
			);
			name = LaunchScreen.storyboard;
			sourceTree = "<group>";
		};
/* End PBXVariantGroup section */

/* Begin XCBuildConfiguration section */
		44A0C4DC1BB6ACB10039490E /* Debug */ = {
			isa = XCBuildConfiguration;
			buildSettings = {
				ALWAYS_SEARCH_USER_PATHS = NO;
				CLANG_CXX_LANGUAGE_STANDARD = "gnu++0x";
				CLANG_CXX_LIBRARY = "libc++";
				CLANG_ENABLE_MODULES = YES;
				CLANG_ENABLE_OBJC_ARC = YES;
				CLANG_WARN_BOOL_CONVERSION = YES;
				CLANG_WARN_CONSTANT_CONVERSION = YES;
				CLANG_WARN_DIRECT_OBJC_ISA_USAGE = YES_ERROR;
				CLANG_WARN_EMPTY_BODY = YES;
				CLANG_WARN_ENUM_CONVERSION = YES;
				CLANG_WARN_INT_CONVERSION = YES;
				CLANG_WARN_OBJC_ROOT_CLASS = YES_ERROR;
				CLANG_WARN_UNREACHABLE_CODE = YES;
				CLANG_WARN__DUPLICATE_METHOD_MATCH = YES;
				"CODE_SIGN_IDENTITY[sdk=iphoneos*]" = "iPhone Developer";
				COPY_PHASE_STRIP = NO;
				DEBUG_INFORMATION_FORMAT = dwarf;
				ENABLE_STRICT_OBJC_MSGSEND = YES;
				ENABLE_TESTABILITY = YES;
				GCC_C_LANGUAGE_STANDARD = gnu99;
				GCC_DYNAMIC_NO_PIC = NO;
				GCC_NO_COMMON_BLOCKS = YES;
				GCC_OPTIMIZATION_LEVEL = 0;
				GCC_PREPROCESSOR_DEFINITIONS = (
					"DEBUG=1",
					"$(inherited)",
				);
				GCC_WARN_64_TO_32_BIT_CONVERSION = YES;
				GCC_WARN_ABOUT_RETURN_TYPE = YES_ERROR;
				GCC_WARN_UNDECLARED_SELECTOR = YES;
				GCC_WARN_UNINITIALIZED_AUTOS = YES_AGGRESSIVE;
				GCC_WARN_UNUSED_FUNCTION = YES;
				GCC_WARN_UNUSED_VARIABLE = YES;
				IPHONEOS_DEPLOYMENT_TARGET = 9.0;
				MTL_ENABLE_DEBUG_INFO = YES;
				ONLY_ACTIVE_ARCH = YES;
				SDKROOT = iphoneos;
				SWIFT_OPTIMIZATION_LEVEL = "-Onone";
				TARGETED_DEVICE_FAMILY = "1,2";
			};
			name = Debug;
		};
		44A0C4DD1BB6ACB10039490E /* Release */ = {
			isa = XCBuildConfiguration;
			buildSettings = {
				ALWAYS_SEARCH_USER_PATHS = NO;
				CLANG_CXX_LANGUAGE_STANDARD = "gnu++0x";
				CLANG_CXX_LIBRARY = "libc++";
				CLANG_ENABLE_MODULES = YES;
				CLANG_ENABLE_OBJC_ARC = YES;
				CLANG_WARN_BOOL_CONVERSION = YES;
				CLANG_WARN_CONSTANT_CONVERSION = YES;
				CLANG_WARN_DIRECT_OBJC_ISA_USAGE = YES_ERROR;
				CLANG_WARN_EMPTY_BODY = YES;
				CLANG_WARN_ENUM_CONVERSION = YES;
				CLANG_WARN_INT_CONVERSION = YES;
				CLANG_WARN_OBJC_ROOT_CLASS = YES_ERROR;
				CLANG_WARN_UNREACHABLE_CODE = YES;
				CLANG_WARN__DUPLICATE_METHOD_MATCH = YES;
				"CODE_SIGN_IDENTITY[sdk=iphoneos*]" = "iPhone Developer";
				COPY_PHASE_STRIP = NO;
				DEBUG_INFORMATION_FORMAT = "dwarf-with-dsym";
				ENABLE_NS_ASSERTIONS = NO;
				ENABLE_STRICT_OBJC_MSGSEND = YES;
				GCC_C_LANGUAGE_STANDARD = gnu99;
				GCC_NO_COMMON_BLOCKS = YES;
				GCC_WARN_64_TO_32_BIT_CONVERSION = YES;
				GCC_WARN_ABOUT_RETURN_TYPE = YES_ERROR;
				GCC_WARN_UNDECLARED_SELECTOR = YES;
				GCC_WARN_UNINITIALIZED_AUTOS = YES_AGGRESSIVE;
				GCC_WARN_UNUSED_FUNCTION = YES;
				GCC_WARN_UNUSED_VARIABLE = YES;
				IPHONEOS_DEPLOYMENT_TARGET = 9.0;
				MTL_ENABLE_DEBUG_INFO = NO;
				SDKROOT = iphoneos;
				TARGETED_DEVICE_FAMILY = "1,2";
				VALIDATE_PRODUCT = YES;
			};
			name = Release;
		};
		44A0C4DF1BB6ACB10039490E /* Debug */ = {
			isa = XCBuildConfiguration;
			buildSettings = {
				ASSETCATALOG_COMPILER_APPICON_NAME = AppIcon;
				INFOPLIST_FILE = PanProfesor/Info.plist;
				IPHONEOS_DEPLOYMENT_TARGET = 9.0;
				LD_RUNPATH_SEARCH_PATHS = "$(inherited) @executable_path/Frameworks";
				PRODUCT_BUNDLE_IDENTIFIER = "Eugene-Karachinskiy.PanProfesor";
				PRODUCT_NAME = "$(TARGET_NAME)";
			};
			name = Debug;
		};
		44A0C4E01BB6ACB10039490E /* Release */ = {
			isa = XCBuildConfiguration;
			buildSettings = {
				ASSETCATALOG_COMPILER_APPICON_NAME = AppIcon;
				INFOPLIST_FILE = PanProfesor/Info.plist;
				IPHONEOS_DEPLOYMENT_TARGET = 9.0;
				LD_RUNPATH_SEARCH_PATHS = "$(inherited) @executable_path/Frameworks";
				PRODUCT_BUNDLE_IDENTIFIER = "Eugene-Karachinskiy.PanProfesor";
				PRODUCT_NAME = "$(TARGET_NAME)";
			};
			name = Release;
		};
/* End XCBuildConfiguration section */

/* Begin XCConfigurationList section */
		44A0C4C71BB6ACB10039490E /* Build configuration list for PBXProject "PanProfesor" */ = {
			isa = XCConfigurationList;
			buildConfigurations = (
				44A0C4DC1BB6ACB10039490E /* Debug */,
				44A0C4DD1BB6ACB10039490E /* Release */,
			);
			defaultConfigurationIsVisible = 0;
			defaultConfigurationName = Release;
		};
		44A0C4DE1BB6ACB10039490E /* Build configuration list for PBXNativeTarget "PanProfesor" */ = {
			isa = XCConfigurationList;
			buildConfigurations = (
				44A0C4DF1BB6ACB10039490E /* Debug */,
				44A0C4E01BB6ACB10039490E /* Release */,
			);
			defaultConfigurationIsVisible = 0;
			defaultConfigurationName = Release;
		};
/* End XCConfigurationList section */

/* Begin XCVersionGroup section */
		44A0C4F31BB6B34C0039490E /* PanProfesor.xcdatamodeld */ = {
			isa = XCVersionGroup;
			children = (
				44A0C4F41BB6B34C0039490E /* PanProfesor.xcdatamodel */,
			);
			currentVersion = 44A0C4F41BB6B34C0039490E /* PanProfesor.xcdatamodel */;
			path = PanProfesor.xcdatamodeld;
			sourceTree = "<group>";
			versionGroupType = wrapper.xcdatamodel;
		};
/* End XCVersionGroup section */
	};
	rootObject = 44A0C4C41BB6ACB10039490E /* Project object */;
}
